Microsoft Visual Studio Solution File, Format Version 11.00
# Visual Studio 2008

Project("{E7B564B8-F745-7B84-D173-4B17E2810DF9}") = "LumerasAwakening", "Assembly-CSharp.csproj", "{7B36DE52-577A-1E76-6A70-84803F70B1D3}"
EndProject
Global
	GlobalSection(SolutionConfigurationPlatforms) = preSolution
		Debug|Any CPU = Debug|Any CPU
		Release|Any CPU = Release|Any CPU
	EndGlobalSection
	GlobalSection(ProjectConfigurationPlatforms) = postSolution
		{7B36DE52-577A-1E76-6A70-84803F70B1D3}.Debug|Any CPU.ActiveCfg = Debug|Any CPU
		{7B36DE52-577A-1E76-6A70-84803F70B1D3}.Debug|Any CPU.Build.0 = Debug|Any CPU
		{7B36DE52-577A-1E76-6A70-84803F70B1D3}.Release|Any CPU.ActiveCfg = Release|Any CPU
		{7B36DE52-577A-1E76-6A70-84803F70B1D3}.Release|Any CPU.Build.0 = Release|Any CPU
	EndGlobalSection
	GlobalSection(SolutionProperties) = preSolution
		HideSolutionNode = FALSE
	EndGlobalSection
	GlobalSection(MonoDevelopProperties) = preSolution
		StartupItem = Assembly-CSharp.csproj
	EndGlobalSection
EndGlobal
